[root]
name = "iota"
version = "0.1.0"
dependencies = [
 "docopt 0.6.15 (registry+https://github.com/rust-lang/crates.io-index)",
 "rustbox 0.2.0 (git+http://github.com/gchp/rustbox)",
]

[[package]]
name = "docopt"
version = "0.6.15"
source = "registry+https://github.com/rust-lang/crates.io-index"

[[package]]
name = "rustbox"
version = "0.2.0"
source = "git+http://github.com/gchp/rustbox#ba7e19e85fc3e1e3dc67cacc80568030ebb87f7b"
dependencies = [
 "termbox-sys 0.0.2 (git+https://github.com/gchp/termbox-sys)",
]

[[package]]
name = "termbox-sys"
version = "0.0.2"
source = "git+https://github.com/gchp/termbox-sys#e83527629e4e698c491b737c40b963f0cd479033"

