[root]
name = "iota"
version = "0.1.0"
dependencies = [
 "docopt 0.6.23 (registry+https://github.com/rust-lang/crates.io-index)",
 "gapbuffer 0.0.3 (git+https://github.com/dlaronson/gapbuffer)",
 "rustbox 0.2.4 (registry+https://github.com/rust-lang/crates.io-index)",
 "rustc-serialize 0.2.4 (registry+https://github.com/rust-lang/crates.io-index)",
]

[[package]]
name = "docopt"
version = "0.6.23"
source = "registry+https://github.com/rust-lang/crates.io-index"
dependencies = [
 "regex 0.1.8 (registry+https://github.com/rust-lang/crates.io-index)",
 "rustc-serialize 0.2.4 (registry+https://github.com/rust-lang/crates.io-index)",
]

[[package]]
name = "gapbuffer"
version = "0.0.3"
source = "git+https://github.com/dlaronson/gapbuffer#7f66b5c6b90498b5454cf27794f1acd265921897"

[[package]]
name = "regex"
version = "0.1.8"
source = "registry+https://github.com/rust-lang/crates.io-index"

[[package]]
name = "rustbox"
version = "0.2.4"
source = "registry+https://github.com/rust-lang/crates.io-index"
dependencies = [
 "termbox-sys 0.1.2 (registry+https://github.com/rust-lang/crates.io-index)",
]

[[package]]
name = "rustc-serialize"
version = "0.2.4"
source = "registry+https://github.com/rust-lang/crates.io-index"

[[package]]
name = "termbox-sys"
version = "0.1.2"
source = "registry+https://github.com/rust-lang/crates.io-index"

