[root]
name = "iota"
version = "0.1.0"
dependencies = [
 "docopt 0.6.16 (registry+https://github.com/rust-lang/crates.io-index)",
 "rustbox 0.2.0 (git+https://github.com/gchp/rustbox)",
]

[[package]]
name = "docopt"
version = "0.6.16"
source = "registry+https://github.com/rust-lang/crates.io-index"

[[package]]
name = "rustbox"
version = "0.2.0"
source = "git+https://github.com/gchp/rustbox#f4ada139987841b4fbb6935309bcaa3aefab424a"
dependencies = [
 "termbox-sys 0.0.2 (git+https://github.com/gchp/termbox-sys)",
]

[[package]]
name = "termbox-sys"
version = "0.0.2"
source = "git+https://github.com/gchp/termbox-sys#e83527629e4e698c491b737c40b963f0cd479033"

